
Microsoft Visual Studio Solution File, Format Version 12.00
# Visual Studio 2013
VisualStudioVersion = 12.0.31101.0
MinimumVisualStudioVersion = 10.0.40219.1
Project("{FAE04EC0-301F-11D3-BF4B-00C04F79EFBC}") = "Chess.Test", "Chess.Test\Chess.Test.csproj", "{F3135AA9-6999-4C3E-B18B-2B75042BC641}"
EndProject
Project("{FAE04EC0-301F-11D3-BF4B-00C04F79EFBC}") = "Chess", "Chess\Chess.csproj", "{C7C30538-E2F7-4E69-A910-B7C8CCA26265}"
EndProject
Project("{FAE04EC0-301F-11D3-BF4B-00C04F79EFBC}") = "Chess.Acceptance", "Chess.Acceptance\Chess.Acceptance.csproj", "{55D7D7D7-9E49-40DB-B05B-BA73AF4CDA4A}"
EndProject
Global
	GlobalSection(SolutionConfigurationPlatforms) = preSolution
		Debug|Any CPU = Debug|Any CPU
		Release|Any CPU = Release|Any CPU
	EndGlobalSection
	GlobalSection(ProjectConfigurationPlatforms) = postSolution
		{F3135AA9-6999-4C3E-B18B-2B75042BC641}.Debug|Any CPU.ActiveCfg = Debug|Any CPU
		{F3135AA9-6999-4C3E-B18B-2B75042BC641}.Debug|Any CPU.Build.0 = Debug|Any CPU
		{F3135AA9-6999-4C3E-B18B-2B75042BC641}.Release|Any CPU.ActiveCfg = Release|Any CPU
		{F3135AA9-6999-4C3E-B18B-2B75042BC641}.Release|Any CPU.Build.0 = Release|Any CPU
		{C7C30538-E2F7-4E69-A910-B7C8CCA26265}.Debug|Any CPU.ActiveCfg = Debug|Any CPU
		{C7C30538-E2F7-4E69-A910-B7C8CCA26265}.Debug|Any CPU.Build.0 = Debug|Any CPU
		{C7C30538-E2F7-4E69-A910-B7C8CCA26265}.Release|Any CPU.ActiveCfg = Release|Any CPU
		{C7C30538-E2F7-4E69-A910-B7C8CCA26265}.Release|Any CPU.Build.0 = Release|Any CPU
		{55D7D7D7-9E49-40DB-B05B-BA73AF4CDA4A}.Debug|Any CPU.ActiveCfg = Debug|Any CPU
		{55D7D7D7-9E49-40DB-B05B-BA73AF4CDA4A}.Debug|Any CPU.Build.0 = Debug|Any CPU
		{55D7D7D7-9E49-40DB-B05B-BA73AF4CDA4A}.Release|Any CPU.ActiveCfg = Release|Any CPU
		{55D7D7D7-9E49-40DB-B05B-BA73AF4CDA4A}.Release|Any CPU.Build.0 = Release|Any CPU
	EndGlobalSection
	GlobalSection(SolutionProperties) = preSolution
		HideSolutionNode = FALSE
	EndGlobalSection
EndGlobal
